
Microsoft Visual Studio Solution File, Format Version 12.00
# Visual Studio Version 16
VisualStudioVersion = 16.0.30503.244
MinimumVisualStudioVersion = 10.0.40219.1
Project("{FAE04EC0-301F-11D3-BF4B-00C04F79EFBC}") = "WebAppTeste", "WebAppTeste\WebAppTeste.csproj", "{6604B34D-CBAF-456D-88B7-2DFFA2333585}"
EndProject
Global
	GlobalSection(SolutionConfigurationPlatforms) = preSolution
		Debug|Any CPU = Debug|Any CPU
		Release|Any CPU = Release|Any CPU
	EndGlobalSection
	GlobalSection(ProjectConfigurationPlatforms) = postSolution
		{6604B34D-CBAF-456D-88B7-2DFFA2333585}.Debug|Any CPU.ActiveCfg = Debug|Any CPU
		{6604B34D-CBAF-456D-88B7-2DFFA2333585}.Debug|Any CPU.Build.0 = Debug|Any CPU
		{6604B34D-CBAF-456D-88B7-2DFFA2333585}.Release|Any CPU.ActiveCfg = Release|Any CPU
		{6604B34D-CBAF-456D-88B7-2DFFA2333585}.Release|Any CPU.Build.0 = Release|Any CPU
	EndGlobalSection
	GlobalSection(SolutionProperties) = preSolution
		HideSolutionNode = FALSE
	EndGlobalSection
	GlobalSection(ExtensibilityGlobals) = postSolution
		SolutionGuid = {754D63DD-8B5F-43DD-B016-792C8D4E6EEA}
	EndGlobalSection
EndGlobal
